
Microsoft Visual Studio Solution File, Format Version 12.00
# Visual Studio Version 17
VisualStudioVersion = 17.5.33530.505
MinimumVisualStudioVersion = 10.0.40219.1
Project("{FAE04EC0-301F-11D3-BF4B-00C04F79EFBC}") = "BookQuery", "BookQuery.csproj", "{465AE365-00A1-43DD-A7FB-C8FE420CADCE}"
EndProject
Global
	GlobalSection(SolutionConfigurationPlatforms) = preSolution
		Debug|Any CPU = Debug|Any CPU
		Release|Any CPU = Release|Any CPU
	EndGlobalSection
	GlobalSection(ProjectConfigurationPlatforms) = postSolution
		{465AE365-00A1-43DD-A7FB-C8FE420CADCE}.Debug|Any CPU.ActiveCfg = Debug|Any CPU
		{465AE365-00A1-43DD-A7FB-C8FE420CADCE}.Debug|Any CPU.Build.0 = Debug|Any CPU
		{465AE365-00A1-43DD-A7FB-C8FE420CADCE}.Release|Any CPU.ActiveCfg = Release|Any CPU
		{465AE365-00A1-43DD-A7FB-C8FE420CADCE}.Release|Any CPU.Build.0 = Release|Any CPU
	EndGlobalSection
	GlobalSection(SolutionProperties) = preSolution
		HideSolutionNode = FALSE
	EndGlobalSection
	GlobalSection(ExtensibilityGlobals) = postSolution
		SolutionGuid = {5DA9043C-D9D9-4465-85CD-2C97965F6D16}
	EndGlobalSection
EndGlobal
